
Microsoft Visual Studio Solution File, Format Version 12.00
# Visual Studio Version 16
VisualStudioVersion = 16.0.31424.327
MinimumVisualStudioVersion = 10.0.40219.1
Project("{FAE04EC0-301F-11D3-BF4B-00C04F79EFBC}") = "leave-management", "leave-management\leave-management.csproj", "{099498D8-84D2-4F5B-81F3-6D6A94EDDFB8}"
EndProject
Global
	GlobalSection(SolutionConfigurationPlatforms) = preSolution
		Debug|Any CPU = Debug|Any CPU
		Release|Any CPU = Release|Any CPU
	EndGlobalSection
	GlobalSection(ProjectConfigurationPlatforms) = postSolution
		{099498D8-84D2-4F5B-81F3-6D6A94EDDFB8}.Debug|Any CPU.ActiveCfg = Debug|Any CPU
		{099498D8-84D2-4F5B-81F3-6D6A94EDDFB8}.Debug|Any CPU.Build.0 = Debug|Any CPU
		{099498D8-84D2-4F5B-81F3-6D6A94EDDFB8}.Release|Any CPU.ActiveCfg = Release|Any CPU
		{099498D8-84D2-4F5B-81F3-6D6A94EDDFB8}.Release|Any CPU.Build.0 = Release|Any CPU
	EndGlobalSection
	GlobalSection(SolutionProperties) = preSolution
		HideSolutionNode = FALSE
	EndGlobalSection
	GlobalSection(ExtensibilityGlobals) = postSolution
		SolutionGuid = {C067746D-AC37-40EC-AAE1-FF0E58BC2DF4}
	EndGlobalSection
EndGlobal
